
Microsoft Visual Studio Solution File, Format Version 12.00
# Visual Studio Version 16
VisualStudioVersion = 16.0.30413.136
MinimumVisualStudioVersion = 10.0.40219.1
Project("{2150E333-8FDC-42A3-9474-1A3956D46DE8}") = "Lesson 1", "Lesson 1", "{1D99E9FA-E9CC-4163-91AA-33C2DAA330C7}"
EndProject
Project("{2150E333-8FDC-42A3-9474-1A3956D46DE8}") = "Lesson 2", "Lesson 2", "{1BA8FB3F-F948-4D3A-8925-767E7218AA8B}"
EndProject
Project("{FAE04EC0-301F-11D3-BF4B-00C04F79EFBC}") = "Solution1", "Lesson1\Solution1\Solution1.csproj", "{EC122EBF-B85A-4A84-9614-CA1B9264C297}"
EndProject
Project("{FAE04EC0-301F-11D3-BF4B-00C04F79EFBC}") = "Solution2", "Lesson1\Solution2\Solution2.csproj", "{0387B0DF-E368-4A4A-997C-58CC598C7179}"
EndProject
Project("{FAE04EC0-301F-11D3-BF4B-00C04F79EFBC}") = "Solution3", "Lesson1\Solution3\Solution3.csproj", "{EB33FD8E-0271-4C76-8494-F13D4665EFC7}"
EndProject
Project("{FAE04EC0-301F-11D3-BF4B-00C04F79EFBC}") = "Solution4", "Lesson1\Solution4\Solution4.csproj", "{ADCC5F52-AF9E-444A-9A8B-DE6D1F485464}"
EndProject
Project("{FAE04EC0-301F-11D3-BF4B-00C04F79EFBC}") = "Solution5", "Lesson1\Solution5\Solution5.csproj", "{985D3A3D-7893-45BE-8FB0-E61ECFEE4AC4}"
EndProject
Project("{FAE04EC0-301F-11D3-BF4B-00C04F79EFBC}") = "Solution6", "Lesson1\Solution6\Solution6.csproj", "{184AB63A-D802-4D14-9CC6-F707DA4FA339}"
EndProject
Project("{FAE04EC0-301F-11D3-BF4B-00C04F79EFBC}") = "L2 - Solution1", "Lesson2\L2 - Solution1\L2 - Solution1.csproj", "{77E70EE1-FA2F-414F-B183-A756631A6C94}"
EndProject
Global
	GlobalSection(SolutionConfigurationPlatforms) = preSolution
		Debug|Any CPU = Debug|Any CPU
		Release|Any CPU = Release|Any CPU
	EndGlobalSection
	GlobalSection(ProjectConfigurationPlatforms) = postSolution
		{EC122EBF-B85A-4A84-9614-CA1B9264C297}.Debug|Any CPU.ActiveCfg = Debug|Any CPU
		{EC122EBF-B85A-4A84-9614-CA1B9264C297}.Debug|Any CPU.Build.0 = Debug|Any CPU
		{EC122EBF-B85A-4A84-9614-CA1B9264C297}.Release|Any CPU.ActiveCfg = Release|Any CPU
		{EC122EBF-B85A-4A84-9614-CA1B9264C297}.Release|Any CPU.Build.0 = Release|Any CPU
		{0387B0DF-E368-4A4A-997C-58CC598C7179}.Debug|Any CPU.ActiveCfg = Debug|Any CPU
		{0387B0DF-E368-4A4A-997C-58CC598C7179}.Debug|Any CPU.Build.0 = Debug|Any CPU
		{0387B0DF-E368-4A4A-997C-58CC598C7179}.Release|Any CPU.ActiveCfg = Release|Any CPU
		{0387B0DF-E368-4A4A-997C-58CC598C7179}.Release|Any CPU.Build.0 = Release|Any CPU
		{EB33FD8E-0271-4C76-8494-F13D4665EFC7}.Debug|Any CPU.ActiveCfg = Debug|Any CPU
		{EB33FD8E-0271-4C76-8494-F13D4665EFC7}.Debug|Any CPU.Build.0 = Debug|Any CPU
		{EB33FD8E-0271-4C76-8494-F13D4665EFC7}.Release|Any CPU.ActiveCfg = Release|Any CPU
		{EB33FD8E-0271-4C76-8494-F13D4665EFC7}.Release|Any CPU.Build.0 = Release|Any CPU
		{ADCC5F52-AF9E-444A-9A8B-DE6D1F485464}.Debug|Any CPU.ActiveCfg = Debug|Any CPU
		{ADCC5F52-AF9E-444A-9A8B-DE6D1F485464}.Debug|Any CPU.Build.0 = Debug|Any CPU
		{ADCC5F52-AF9E-444A-9A8B-DE6D1F485464}.Release|Any CPU.ActiveCfg = Release|Any CPU
		{ADCC5F52-AF9E-444A-9A8B-DE6D1F485464}.Release|Any CPU.Build.0 = Release|Any CPU
		{985D3A3D-7893-45BE-8FB0-E61ECFEE4AC4}.Debug|Any CPU.ActiveCfg = Debug|Any CPU
		{985D3A3D-7893-45BE-8FB0-E61ECFEE4AC4}.Debug|Any CPU.Build.0 = Debug|Any CPU
		{985D3A3D-7893-45BE-8FB0-E61ECFEE4AC4}.Release|Any CPU.ActiveCfg = Release|Any CPU
		{985D3A3D-7893-45BE-8FB0-E61ECFEE4AC4}.Release|Any CPU.Build.0 = Release|Any CPU
		{184AB63A-D802-4D14-9CC6-F707DA4FA339}.Debug|Any CPU.ActiveCfg = Debug|Any CPU
		{184AB63A-D802-4D14-9CC6-F707DA4FA339}.Debug|Any CPU.Build.0 = Debug|Any CPU
		{184AB63A-D802-4D14-9CC6-F707DA4FA339}.Release|Any CPU.ActiveCfg = Release|Any CPU
		{184AB63A-D802-4D14-9CC6-F707DA4FA339}.Release|Any CPU.Build.0 = Release|Any CPU
		{77E70EE1-FA2F-414F-B183-A756631A6C94}.Debug|Any CPU.ActiveCfg = Debug|Any CPU
		{77E70EE1-FA2F-414F-B183-A756631A6C94}.Debug|Any CPU.Build.0 = Debug|Any CPU
		{77E70EE1-FA2F-414F-B183-A756631A6C94}.Release|Any CPU.ActiveCfg = Release|Any CPU
		{77E70EE1-FA2F-414F-B183-A756631A6C94}.Release|Any CPU.Build.0 = Release|Any CPU
	EndGlobalSection
	GlobalSection(SolutionProperties) = preSolution
		HideSolutionNode = FALSE
	EndGlobalSection
	GlobalSection(NestedProjects) = preSolution
		{EC122EBF-B85A-4A84-9614-CA1B9264C297} = {1D99E9FA-E9CC-4163-91AA-33C2DAA330C7}
		{0387B0DF-E368-4A4A-997C-58CC598C7179} = {1D99E9FA-E9CC-4163-91AA-33C2DAA330C7}
		{EB33FD8E-0271-4C76-8494-F13D4665EFC7} = {1D99E9FA-E9CC-4163-91AA-33C2DAA330C7}
		{ADCC5F52-AF9E-444A-9A8B-DE6D1F485464} = {1D99E9FA-E9CC-4163-91AA-33C2DAA330C7}
		{985D3A3D-7893-45BE-8FB0-E61ECFEE4AC4} = {1D99E9FA-E9CC-4163-91AA-33C2DAA330C7}
		{184AB63A-D802-4D14-9CC6-F707DA4FA339} = {1D99E9FA-E9CC-4163-91AA-33C2DAA330C7}
		{77E70EE1-FA2F-414F-B183-A756631A6C94} = {1BA8FB3F-F948-4D3A-8925-767E7218AA8B}
	EndGlobalSection
	GlobalSection(ExtensibilityGlobals) = postSolution
		SolutionGuid = {CECD1752-01DF-4245-A410-9C1A55178C4F}
	EndGlobalSection
EndGlobal
